
Microsoft Visual Studio Solution File, Format Version 12.00
# Visual Studio Version 17
VisualStudioVersion = 17.0.31611.283
MinimumVisualStudioVersion = 10.0.40219.1
Project("{9A19103F-16F7-4668-BE54-9A1E7A4F7556}") = "MAUI Application", "MAUI Application\MAUI Application.csproj", "{99320DD8-3A53-4046-A50B-942D7A13A045}"
EndProject
Global
	GlobalSection(SolutionConfigurationPlatforms) = preSolution
		Debug|Any CPU = Debug|Any CPU
		Release|Any CPU = Release|Any CPU
	EndGlobalSection
	GlobalSection(ProjectConfigurationPlatforms) = postSolution
		{99320DD8-3A53-4046-A50B-942D7A13A045}.Debug|Any CPU.ActiveCfg = Debug|Any CPU
		{99320DD8-3A53-4046-A50B-942D7A13A045}.Debug|Any CPU.Build.0 = Debug|Any CPU
		{99320DD8-3A53-4046-A50B-942D7A13A045}.Debug|Any CPU.Deploy.0 = Debug|Any CPU
		{99320DD8-3A53-4046-A50B-942D7A13A045}.Release|Any CPU.ActiveCfg = Release|Any CPU
		{99320DD8-3A53-4046-A50B-942D7A13A045}.Release|Any CPU.Build.0 = Release|Any CPU
		{99320DD8-3A53-4046-A50B-942D7A13A045}.Release|Any CPU.Deploy.0 = Release|Any CPU
	EndGlobalSection
	GlobalSection(SolutionProperties) = preSolution
		HideSolutionNode = FALSE
	EndGlobalSection
	GlobalSection(ExtensibilityGlobals) = postSolution
		SolutionGuid = {5CE813AB-BAEC-4C35-B4AF-4B3CF185BBD1}
	EndGlobalSection
EndGlobal
